// !$*UTF8*$!
{
	archiveVersion = 1;
	classes = {
	};
	objectVersion = 46;
	objects = {

/* Begin PBXBuildFile section */
		AB1A50A822D30C8F00E747DB /* AppDelegate.swift in Sources */ = {isa = PBXBuildFile; fileRef = AB1A50A722D30C8F00E747DB /* AppDelegate.swift */; };
		AB1A50AA22D30C8F00E747DB /* ViewController.swift in Sources */ = {isa = PBXBuildFile; fileRef = AB1A50A922D30C8F00E747DB /* ViewController.swift */; };
		AB1A50AD22D30C8F00E747DB /* Main.storyboard in Resources */ = {isa = PBXBuildFile; fileRef = AB1A50AB22D30C8F00E747DB /* Main.storyboard */; };
		AB1A50AF22D30C8F00E747DB /* Assets.xcassets in Resources */ = {isa = PBXBuildFile; fileRef = AB1A50AE22D30C8F00E747DB /* Assets.xcassets */; };
		AB1A50B222D30C8F00E747DB /* LaunchScreen.storyboard in Resources */ = {isa = PBXBuildFile; fileRef = AB1A50B022D30C8F00E747DB /* LaunchScreen.storyboard */; };
		AB1A50BB22D3443B00E747DB /* demo.jpg in Resources */ = {isa = PBXBuildFile; fileRef = AB1A50BA22D3443B00E747DB /* demo.jpg */; };
/* End PBXBuildFile section */

/* Begin PBXFileReference section */
		AB1A50A422D30C8F00E747DB /* HelloWorld.app */ = {isa = PBXFileReference; explicitFileType = wrapper.application; includeInIndex = 0; path = HelloWorld.app; sourceTree = BUILT_PRODUCTS_DIR; };
		AB1A50A722D30C8F00E747DB /* AppDelegate.swift */ = {isa = PBXFileReference; lastKnownFileType = sourcecode.swift; path = AppDelegate.swift; sourceTree = "<group>"; };
		AB1A50A922D30C8F00E747DB /* ViewController.swift */ = {isa = PBXFileReference; lastKnownFileType = sourcecode.swift; path = ViewController.swift; sourceTree = "<group>"; };
		AB1A50AC22D30C8F00E747DB /* Base */ = {isa = PBXFileReference; lastKnownFileType = file.storyboard; name = Base; path = Base.lproj/Main.storyboard; sourceTree = "<group>"; };
		AB1A50AE22D30C8F00E747DB /* Assets.xcassets */ = {isa = PBXFileReference; lastKnownFileType = folder.assetcatalog; path = Assets.xcassets; sourceTree = "<group>"; };
		AB1A50B122D30C8F00E747DB /* Base */ = {isa = PBXFileReference; lastKnownFileType = file.storyboard; name = Base; path = Base.lproj/LaunchScreen.storyboard; sourceTree = "<group>"; };
		AB1A50B322D30C8F00E747DB /* Info.plist */ = {isa = PBXFileReference; lastKnownFileType = text.plist.xml; path = Info.plist; sourceTree = "<group>"; };
		AB1A50BA22D3443B00E747DB /* demo.jpg */ = {isa = PBXFileReference; lastKnownFileType = image.jpeg; name = demo.jpg; path = ../../../demo.jpg; sourceTree = "<group>"; };
/* End PBXFileReference section */

/* Begin PBXFrameworksBuildPhase section */
		AB1A50A122D30C8F00E747DB /* Frameworks */ = {
			isa = PBXFrameworksBuildPhase;
			buildActionMask = 2147483647;
			files = (
			);
			runOnlyForDeploymentPostprocessing = 0;
		};
/* End PBXFrameworksBuildPhase section */

/* Begin PBXGroup section */
		AB1A509B22D30C8E00E747DB = {
			isa = PBXGroup;
			children = (
				AB1A50A622D30C8F00E747DB /* HelloWorld */,
				AB1A50A522D30C8F00E747DB /* Products */,
			);
			sourceTree = "<group>";
		};
		AB1A50A522D30C8F00E747DB /* Products */ = {
			isa = PBXGroup;
			children = (
				AB1A50A422D30C8F00E747DB /* HelloWorld.app */,
			);
			name = Products;
			sourceTree = "<group>";
		};
		AB1A50A622D30C8F00E747DB /* HelloWorld */ = {
			isa = PBXGroup;
			children = (
				AB1A50B922D33FB900E747DB /* Assets */,
				AB1A50A722D30C8F00E747DB /* AppDelegate.swift */,
				AB1A50A922D30C8F00E747DB /* ViewController.swift */,
				AB1A50AB22D30C8F00E747DB /* Main.storyboard */,
				AB1A50AE22D30C8F00E747DB /* Assets.xcassets */,
				AB1A50B022D30C8F00E747DB /* LaunchScreen.storyboard */,
				AB1A50B322D30C8F00E747DB /* Info.plist */,
			);
			path = HelloWorld;
			sourceTree = "<group>";
		};
		AB1A50B922D33FB900E747DB /* Assets */ = {
			isa = PBXGroup;
			children = (
				AB1A50BA22D3443B00E747DB /* demo.jpg */,
			);
			name = Assets;
			sourceTree = "<group>";
		};
/* End PBXGroup section */

/* Begin PBXNativeTarget section */
		AB1A50A322D30C8F00E747DB /* HelloWorld */ = {
			isa = PBXNativeTarget;
			buildConfigurationList = AB1A50B622D30C8F00E747DB /* Build configuration list for PBXNativeTarget "HelloWorld" */;
			buildPhases = (
				AB1A50A022D30C8F00E747DB /* Sources */,
				AB1A50A122D30C8F00E747DB /* Frameworks */,
				AB1A50A222D30C8F00E747DB /* Resources */,
			);
			buildRules = (
			);
			dependencies = (
			);
			name = HelloWorld;
			productName = HelloWorld;
			productReference = AB1A50A422D30C8F00E747DB /* HelloWorld.app */;
			productType = "com.apple.product-type.application";
		};
/* End PBXNativeTarget section */

/* Begin PBXProject section */
		AB1A509C22D30C8F00E747DB /* Project object */ = {
			isa = PBXProject;
			attributes = {
				LastSwiftUpdateCheck = 0830;
				LastUpgradeCheck = 0830;
				ORGANIZATIONNAME = "Abdulla Thanseeh";
				TargetAttributes = {
					AB1A50A322D30C8F00E747DB = {
						CreatedOnToolsVersion = 8.3.2;
						ProvisioningStyle = Automatic;
					};
				};
			};
			buildConfigurationList = AB1A509F22D30C8F00E747DB /* Build configuration list for PBXProject "HelloWorld" */;
			compatibilityVersion = "Xcode 3.2";
			developmentRegion = English;
			hasScannedForEncodings = 0;
			knownRegions = (
				en,
				Base,
			);
			mainGroup = AB1A509B22D30C8E00E747DB;
			productRefGroup = AB1A50A522D30C8F00E747DB /* Products */;
			projectDirPath = "";
			projectRoot = "";
			targets = (
				AB1A50A322D30C8F00E747DB /* HelloWorld */,
			);
		};
/* End PBXProject section */

/* Begin PBXResourcesBuildPhase section */
		AB1A50A222D30C8F00E747DB /* Resources */ = {
			isa = PBXResourcesBuildPhase;
			buildActionMask = 2147483647;
			files = (
				AB1A50BB22D3443B00E747DB /* demo.jpg in Resources */,
				AB1A50B222D30C8F00E747DB /* LaunchScreen.storyboard in Resources */,
				AB1A50AF22D30C8F00E747DB /* Assets.xcassets in Resources */,
				AB1A50AD22D30C8F00E747DB /* Main.storyboard in Resources */,
			);
			runOnlyForDeploymentPostprocessing = 0;
		};
/* End PBXResourcesBuildPhase section */

/* Begin PBXSourcesBuildPhase section */
		AB1A50A022D30C8F00E747DB /* Sources */ = {
			isa = PBXSourcesBuildPhase;
			buildActionMask = 2147483647;
			files = (
				AB1A50AA22D30C8F00E747DB /* ViewController.swift in Sources */,
				AB1A50A822D30C8F00E747DB /* AppDelegate.swift in Sources */,
			);
			runOnlyForDeploymentPostprocessing = 0;
		};
/* End PBXSourcesBuildPhase section */

/* Begin PBXVariantGroup section */
		AB1A50AB22D30C8F00E747DB /* Main.storyboard */ = {
			isa = PBXVariantGroup;
			children = (
				AB1A50AC22D30C8F00E747DB /* Base */,
			);
			name = Main.storyboard;
			sourceTree = "<group>";
		};
		AB1A50B022D30C8F00E747DB /* LaunchScreen.storyboard */ = {
			isa = PBXVariantGroup;
			children = (
				AB1A50B122D30C8F00E747DB /* Base */,
			);
			name = LaunchScreen.storyboard;
			sourceTree = "<group>";
		};
/* End PBXVariantGroup section */

/* Begin XCBuildConfiguration section */
		AB1A50B422D30C8F00E747DB /* Debug */ = {
			isa = XCBuildConfiguration;
			buildSettings = {
				ALWAYS_SEARCH_USER_PATHS = NO;
				CLANG_ANALYZER_NONNULL = YES;
				CLANG_ANALYZER_NUMBER_OBJECT_CONVERSION = YES_AGGRESSIVE;
				CLANG_CXX_LANGUAGE_STANDARD = "gnu++0x";
				CLANG_CXX_LIBRARY = "libc++";
				CLANG_ENABLE_MODULES = YES;
				CLANG_ENABLE_OBJC_ARC = YES;
				CLANG_WARN_BOOL_CONVERSION = YES;
				CLANG_WARN_CONSTANT_CONVERSION = YES;
				CLANG_WARN_DIRECT_OBJC_ISA_USAGE = YES_ERROR;
				CLANG_WARN_DOCUMENTATION_COMMENTS = YES;
				CLANG_WARN_EMPTY_BODY = YES;
				CLANG_WARN_ENUM_CONVERSION = YES;
				CLANG_WARN_INFINITE_RECURSION = YES;
				CLANG_WARN_INT_CONVERSION = YES;
				CLANG_WARN_OBJC_ROOT_CLASS = YES_ERROR;
				CLANG_WARN_SUSPICIOUS_MOVE = YES;
				CLANG_WARN_UNREACHABLE_CODE = YES;
				CLANG_WARN__DUPLICATE_METHOD_MATCH = YES;
				"CODE_SIGN_IDENTITY[sdk=iphoneos*]" = "iPhone Developer";
				COPY_PHASE_STRIP = NO;
				DEBUG_INFORMATION_FORMAT = dwarf;
				ENABLE_STRICT_OBJC_MSGSEND = YES;
				ENABLE_TESTABILITY = YES;
				GCC_C_LANGUAGE_STANDARD = gnu99;
				GCC_DYNAMIC_NO_PIC = NO;
				GCC_NO_COMMON_BLOCKS = YES;
				GCC_OPTIMIZATION_LEVEL = 0;
				GCC_PREPROCESSOR_DEFINITIONS = (
					"DEBUG=1",
					"$(inherited)",
				);
				GCC_WARN_64_TO_32_BIT_CONVERSION = YES;
				GCC_WARN_ABOUT_RETURN_TYPE = YES_ERROR;
				GCC_WARN_UNDECLARED_SELECTOR = YES;
				GCC_WARN_UNINITIALIZED_AUTOS = YES_AGGRESSIVE;
				GCC_WARN_UNUSED_FUNCTION = YES;
				GCC_WARN_UNUSED_VARIABLE = YES;
				IPHONEOS_DEPLOYMENT_TARGET = 10.3;
				MTL_ENABLE_DEBUG_INFO = YES;
				ONLY_ACTIVE_ARCH = YES;
				SDKROOT = iphoneos;
				SWIFT_ACTIVE_COMPILATION_CONDITIONS = DEBUG;
				SWIFT_OPTIMIZATION_LEVEL = "-Onone";
				TARGETED_DEVICE_FAMILY = "1,2";
			};
			name = Debug;
		};
		AB1A50B522D30C8F00E747DB /* Release */ = {
			isa = XCBuildConfiguration;
			buildSettings = {
				ALWAYS_SEARCH_USER_PATHS = NO;
				CLANG_ANALYZER_NONNULL = YES;
				CLANG_ANALYZER_NUMBER_OBJECT_CONVERSION = YES_AGGRESSIVE;
				CLANG_CXX_LANGUAGE_STANDARD = "gnu++0x";
				CLANG_CXX_LIBRARY = "libc++";
				CLANG_ENABLE_MODULES = YES;
				CLANG_ENABLE_OBJC_ARC = YES;
				CLANG_WARN_BOOL_CONVERSION = YES;
				CLANG_WARN_CONSTANT_CONVERSION = YES;
				CLANG_WARN_DIRECT_OBJC_ISA_USAGE = YES_ERROR;
				CLANG_WARN_DOCUMENTATION_COMMENTS = YES;
				CLANG_WARN_EMPTY_BODY = YES;
				CLANG_WARN_ENUM_CONVERSION = YES;
				CLANG_WARN_INFINITE_RECURSION = YES;
				CLANG_WARN_INT_CONVERSION = YES;
				CLANG_WARN_OBJC_ROOT_CLASS = YES_ERROR;
				CLANG_WARN_SUSPICIOUS_MOVE = YES;
				CLANG_WARN_UNREACHABLE_CODE = YES;
				CLANG_WARN__DUPLICATE_METHOD_MATCH = YES;
				"CODE_SIGN_IDENTITY[sdk=iphoneos*]" = "iPhone Developer";
				COPY_PHASE_STRIP = NO;
				DEBUG_INFORMATION_FORMAT = "dwarf-with-dsym";
				ENABLE_NS_ASSERTIONS = NO;
				ENABLE_STRICT_OBJC_MSGSEND = YES;
				GCC_C_LANGUAGE_STANDARD = gnu99;
				GCC_NO_COMMON_BLOCKS = YES;
				GCC_WARN_64_TO_32_BIT_CONVERSION = YES;
				GCC_WARN_ABOUT_RETURN_TYPE = YES_ERROR;
				GCC_WARN_UNDECLARED_SELECTOR = YES;
				GCC_WARN_UNINITIALIZED_AUTOS = YES_AGGRESSIVE;
				GCC_WARN_UNUSED_FUNCTION = YES;
				GCC_WARN_UNUSED_VARIABLE = YES;
				IPHONEOS_DEPLOYMENT_TARGET = 10.3;
				MTL_ENABLE_DEBUG_INFO = NO;
				SDKROOT = iphoneos;
				SWIFT_OPTIMIZATION_LEVEL = "-Owholemodule";
				TARGETED_DEVICE_FAMILY = "1,2";
				VALIDATE_PRODUCT = YES;
			};
			name = Release;
		};
		AB1A50B722D30C8F00E747DB /* Debug */ = {
			isa = XCBuildConfiguration;
			buildSettings = {
				ASSETCATALOG_COMPILER_APPICON_NAME = AppIcon;
				INFOPLIST_FILE = HelloWorld/Info.plist;
				LD_RUNPATH_SEARCH_PATHS = "$(inherited) @executable_path/Frameworks";
				PRODUCT_BUNDLE_IDENTIFIER = sinergia.HelloWorld;
				PRODUCT_NAME = "$(TARGET_NAME)";
				SWIFT_VERSION = 3.0;
				TARGETED_DEVICE_FAMILY = 1;
			};
			name = Debug;
		};
		AB1A50B822D30C8F00E747DB /* Release */ = {
			isa = XCBuildConfiguration;
			buildSettings = {
				ASSETCATALOG_COMPILER_APPICON_NAME = AppIcon;
				INFOPLIST_FILE = HelloWorld/Info.plist;
				LD_RUNPATH_SEARCH_PATHS = "$(inherited) @executable_path/Frameworks";
				PRODUCT_BUNDLE_IDENTIFIER = sinergia.HelloWorld;
				PRODUCT_NAME = "$(TARGET_NAME)";
				SWIFT_VERSION = 3.0;
				TARGETED_DEVICE_FAMILY = 1;
			};
			name = Release;
		};
/* End XCBuildConfiguration section */

/* Begin XCConfigurationList section */
		AB1A509F22D30C8F00E747DB /* Build configuration list for PBXProject "HelloWorld" */ = {
			isa = XCConfigurationList;
			buildConfigurations = (
				AB1A50B422D30C8F00E747DB /* Debug */,
				AB1A50B522D30C8F00E747DB /* Release */,
			);
			defaultConfigurationIsVisible = 0;
			defaultConfigurationName = Release;
		};
		AB1A50B622D30C8F00E747DB /* Build configuration list for PBXNativeTarget "HelloWorld" */ = {
			isa = XCConfigurationList;
			buildConfigurations = (
				AB1A50B722D30C8F00E747DB /* Debug */,
				AB1A50B822D30C8F00E747DB /* Release */,
			);
			defaultConfigurationIsVisible = 0;
		};
/* End XCConfigurationList section */
	};
	rootObject = AB1A509C22D30C8F00E747DB /* Project object */;
}
